
Microsoft Visual Studio Solution File, Format Version 12.00
# Visual Studio Version 16
VisualStudioVersion = 16.0.29613.14
MinimumVisualStudioVersion = 10.0.40219.1
Project("{8BC9CEB8-8B4A-11D0-8D11-00A0C91BC942}") = "Selection Problem", "Selection Problem\Selection Problem.vcxproj", "{A7FFBF33-8BF9-4393-9852-017F3D1B5678}"
EndProject
Global
	GlobalSection(SolutionConfigurationPlatforms) = preSolution
		Debug|x64 = Debug|x64
		Debug|x86 = Debug|x86
		Release|x64 = Release|x64
		Release|x86 = Release|x86
	EndGlobalSection
	GlobalSection(ProjectConfigurationPlatforms) = postSolution
		{A7FFBF33-8BF9-4393-9852-017F3D1B5678}.Debug|x64.ActiveCfg = Debug|x64
		{A7FFBF33-8BF9-4393-9852-017F3D1B5678}.Debug|x64.Build.0 = Debug|x64
		{A7FFBF33-8BF9-4393-9852-017F3D1B5678}.Debug|x86.ActiveCfg = Debug|Win32
		{A7FFBF33-8BF9-4393-9852-017F3D1B5678}.Debug|x86.Build.0 = Debug|Win32
		{A7FFBF33-8BF9-4393-9852-017F3D1B5678}.Release|x64.ActiveCfg = Release|x64
		{A7FFBF33-8BF9-4393-9852-017F3D1B5678}.Release|x64.Build.0 = Release|x64
		{A7FFBF33-8BF9-4393-9852-017F3D1B5678}.Release|x86.ActiveCfg = Release|Win32
		{A7FFBF33-8BF9-4393-9852-017F3D1B5678}.Release|x86.Build.0 = Release|Win32
	EndGlobalSection
	GlobalSection(SolutionProperties) = preSolution
		HideSolutionNode = FALSE
	EndGlobalSection
	GlobalSection(ExtensibilityGlobals) = postSolution
		SolutionGuid = {146E2740-2184-4425-A268-2D31AB1EC16F}
	EndGlobalSection
EndGlobal
